Microsoft Visual Studio Solution File, Format Version 12.00
# Visual Studio Version 17
VisualStudioVersion = 17.5.2.0
MinimumVisualStudioVersion = 10.0.40219.1
Project("{FAE04EC0-301F-11D3-BF4B-00C04F79EFBC}") = "ProjectOrganizer", "ProjectOrganizer\ProjectOrganizer.csproj", "{A7865DC5-955C-E8DA-84D0-BA9D088F8A86}"
EndProject
Global
	GlobalSection(SolutionConfigurationPlatforms) = preSolution
		Debug|Any CPU = Debug|Any CPU
		Release|Any CPU = Release|Any CPU
	EndGlobalSection
	GlobalSection(ProjectConfigurationPlatforms) = postSolution
		{A7865DC5-955C-E8DA-84D0-BA9D088F8A86}.Debug|Any CPU.ActiveCfg = Debug|Any CPU
		{A7865DC5-955C-E8DA-84D0-BA9D088F8A86}.Debug|Any CPU.Build.0 = Debug|Any CPU
		{A7865DC5-955C-E8DA-84D0-BA9D088F8A86}.Release|Any CPU.ActiveCfg = Release|Any CPU
		{A7865DC5-955C-E8DA-84D0-BA9D088F8A86}.Release|Any CPU.Build.0 = Release|Any CPU
	EndGlobalSection
	GlobalSection(SolutionProperties) = preSolution
		HideSolutionNode = FALSE
	EndGlobalSection
	GlobalSection(ExtensibilityGlobals) = postSolution
		SolutionGuid = {9CDEFA76-65C9-4A61-8970-6C0CAAD4040C}
	EndGlobalSection
EndGlobal
